
Microsoft Visual Studio Solution File, Format Version 12.00
# Visual Studio Version 17
VisualStudioVersion = 17.10.35013.160
MinimumVisualStudioVersion = 10.0.40219.1
Project("{FAE04EC0-301F-11D3-BF4B-00C04F79EFBC}") = "ChainOfResponsibilityEx", "ChainOfResponsibilityEx\ChainOfResponsibilityEx.csproj", "{4BD07D4C-DE3E-4466-95EE-0AEBC393F872}"
EndProject
Project("{FAE04EC0-301F-11D3-BF4B-00C04F79EFBC}") = "ObserverExample", "ObserverExample\ObserverExample.csproj", "{4D344032-BBDB-4D2D-BB24-BA494494A71A}"
EndProject
Global
	GlobalSection(SolutionConfigurationPlatforms) = preSolution
		Debug|Any CPU = Debug|Any CPU
		Release|Any CPU = Release|Any CPU
	EndGlobalSection
	GlobalSection(ProjectConfigurationPlatforms) = postSolution
		{4BD07D4C-DE3E-4466-95EE-0AEBC393F872}.Debug|Any CPU.ActiveCfg = Debug|Any CPU
		{4BD07D4C-DE3E-4466-95EE-0AEBC393F872}.Debug|Any CPU.Build.0 = Debug|Any CPU
		{4BD07D4C-DE3E-4466-95EE-0AEBC393F872}.Release|Any CPU.ActiveCfg = Release|Any CPU
		{4BD07D4C-DE3E-4466-95EE-0AEBC393F872}.Release|Any CPU.Build.0 = Release|Any CPU
		{4D344032-BBDB-4D2D-BB24-BA494494A71A}.Debug|Any CPU.ActiveCfg = Debug|Any CPU
		{4D344032-BBDB-4D2D-BB24-BA494494A71A}.Debug|Any CPU.Build.0 = Debug|Any CPU
		{4D344032-BBDB-4D2D-BB24-BA494494A71A}.Release|Any CPU.ActiveCfg = Release|Any CPU
		{4D344032-BBDB-4D2D-BB24-BA494494A71A}.Release|Any CPU.Build.0 = Release|Any CPU
	EndGlobalSection
	GlobalSection(SolutionProperties) = preSolution
		HideSolutionNode = FALSE
	EndGlobalSection
	GlobalSection(ExtensibilityGlobals) = postSolution
		SolutionGuid = {FD14BF8E-7403-4063-AF33-8A4F9CBE8101}
	EndGlobalSection
EndGlobal
