
Microsoft Visual Studio Solution File, Format Version 12.00
# Visual Studio Version 17
VisualStudioVersion = 17.10.35013.160
MinimumVisualStudioVersion = 10.0.40219.1
Project("{FAE04EC0-301F-11D3-BF4B-00C04F79EFBC}") = "WebAPIEx", "WebAPIEx\WebAPIEx.csproj", "{7E90276D-86F6-4FF7-AA0B-DA2D279ACE9E}"
EndProject
Global
	GlobalSection(SolutionConfigurationPlatforms) = preSolution
		Debug|Any CPU = Debug|Any CPU
		Release|Any CPU = Release|Any CPU
	EndGlobalSection
	GlobalSection(ProjectConfigurationPlatforms) = postSolution
		{7E90276D-86F6-4FF7-AA0B-DA2D279ACE9E}.Debug|Any CPU.ActiveCfg = Debug|Any CPU
		{7E90276D-86F6-4FF7-AA0B-DA2D279ACE9E}.Debug|Any CPU.Build.0 = Debug|Any CPU
		{7E90276D-86F6-4FF7-AA0B-DA2D279ACE9E}.Release|Any CPU.ActiveCfg = Release|Any CPU
		{7E90276D-86F6-4FF7-AA0B-DA2D279ACE9E}.Release|Any CPU.Build.0 = Release|Any CPU
	EndGlobalSection
	GlobalSection(SolutionProperties) = preSolution
		HideSolutionNode = FALSE
	EndGlobalSection
	GlobalSection(ExtensibilityGlobals) = postSolution
		SolutionGuid = {C2D11523-DFA3-4F10-B76C-CF2649CE859C}
	EndGlobalSection
EndGlobal
